// !$*UTF8*$!
{
	archiveVersion = 1;
	classes = {
	};
	objectVersion = 48;
	objects = {

/* Begin PBXBuildFile section */
		5F2B00232029B2F400046ABB /* AppDelegate.swift in Sources */ = {isa = PBXBuildFile; fileRef = 5F2B00222029B2F400046ABB /* AppDelegate.swift */; };
		5F2B00282029B2F400046ABB /* Main.storyboard in Resources */ = {isa = PBXBuildFile; fileRef = 5F2B00262029B2F400046ABB /* Main.storyboard */; };
		5F2B002A2029B2F400046ABB /* Assets.xcassets in Resources */ = {isa = PBXBuildFile; fileRef = 5F2B00292029B2F400046ABB /* Assets.xcassets */; };
		5F2B002D2029B2F400046ABB /* LaunchScreen.storyboard in Resources */ = {isa = PBXBuildFile; fileRef = 5F2B002B2029B2F400046ABB /* LaunchScreen.storyboard */; };
		5F2B00352029B3D700046ABB /* NotesTableViewController.swift in Sources */ = {isa = PBXBuildFile; fileRef = 5F2B00342029B3D700046ABB /* NotesTableViewController.swift */; };
		5F2B00382029B66400046ABB /* NoteTableViewCell.swift in Sources */ = {isa = PBXBuildFile; fileRef = 5F2B00362029B66400046ABB /* NoteTableViewCell.swift */; };
		5F2B00392029B66400046ABB /* NoteTableViewCell.xib in Resources */ = {isa = PBXBuildFile; fileRef = 5F2B00372029B66400046ABB /* NoteTableViewCell.xib */; };
		5F2B003C2029C93A00046ABB /* AddNewNoteViewController.swift in Sources */ = {isa = PBXBuildFile; fileRef = 5F2B003B2029C93A00046ABB /* AddNewNoteViewController.swift */; };
/* End PBXBuildFile section */

/* Begin PBXFileReference section */
		5F2B001F2029B2F400046ABB /* iNotes.app */ = {isa = PBXFileReference; explicitFileType = wrapper.application; includeInIndex = 0; path = iNotes.app; sourceTree = BUILT_PRODUCTS_DIR; };
		5F2B00222029B2F400046ABB /* AppDelegate.swift */ = {isa = PBXFileReference; lastKnownFileType = sourcecode.swift; path = AppDelegate.swift; sourceTree = "<group>"; };
		5F2B00272029B2F400046ABB /* Base */ = {isa = PBXFileReference; lastKnownFileType = file.storyboard; name = Base; path = Base.lproj/Main.storyboard; sourceTree = "<group>"; };
		5F2B00292029B2F400046ABB /* Assets.xcassets */ = {isa = PBXFileReference; lastKnownFileType = folder.assetcatalog; path = Assets.xcassets; sourceTree = "<group>"; };
		5F2B002C2029B2F400046ABB /* Base */ = {isa = PBXFileReference; lastKnownFileType = file.storyboard; name = Base; path = Base.lproj/LaunchScreen.storyboard; sourceTree = "<group>"; };
		5F2B002E2029B2F400046ABB /* Info.plist */ = {isa = PBXFileReference; lastKnownFileType = text.plist.xml; path = Info.plist; sourceTree = "<group>"; };
		5F2B00342029B3D700046ABB /* NotesTableViewController.swift */ = {isa = PBXFileReference; lastKnownFileType = sourcecode.swift; path = NotesTableViewController.swift; sourceTree = "<group>"; };
		5F2B00362029B66400046ABB /* NoteTableViewCell.swift */ = {isa = PBXFileReference; lastKnownFileType = sourcecode.swift; path = NoteTableViewCell.swift; sourceTree = "<group>"; };
		5F2B00372029B66400046ABB /* NoteTableViewCell.xib */ = {isa = PBXFileReference; lastKnownFileType = file.xib; path = NoteTableViewCell.xib; sourceTree = "<group>"; };
		5F2B003B2029C93A00046ABB /* AddNewNoteViewController.swift */ = {isa = PBXFileReference; lastKnownFileType = sourcecode.swift; path = AddNewNoteViewController.swift; sourceTree = "<group>"; };
/* End PBXFileReference section */

/* Begin PBXFrameworksBuildPhase section */
		5F2B001C2029B2F400046ABB /* Frameworks */ = {
			isa = PBXFrameworksBuildPhase;
			buildActionMask = 2147483647;
			files = (
			);
			runOnlyForDeploymentPostprocessing = 0;
		};
/* End PBXFrameworksBuildPhase section */

/* Begin PBXGroup section */
		5F2B00162029B2F300046ABB = {
			isa = PBXGroup;
			children = (
				5F2B00212029B2F400046ABB /* iNotes */,
				5F2B00202029B2F400046ABB /* Products */,
			);
			sourceTree = "<group>";
		};
		5F2B00202029B2F400046ABB /* Products */ = {
			isa = PBXGroup;
			children = (
				5F2B001F2029B2F400046ABB /* iNotes.app */,
			);
			name = Products;
			sourceTree = "<group>";
		};
		5F2B00212029B2F400046ABB /* iNotes */ = {
			isa = PBXGroup;
			children = (
				5F2B00222029B2F400046ABB /* AppDelegate.swift */,
				5F2B00342029B3D700046ABB /* NotesTableViewController.swift */,
				5F2B003B2029C93A00046ABB /* AddNewNoteViewController.swift */,
				5F2B00262029B2F400046ABB /* Main.storyboard */,
				5F2B00292029B2F400046ABB /* Assets.xcassets */,
				5F2B002B2029B2F400046ABB /* LaunchScreen.storyboard */,
				5F2B002E2029B2F400046ABB /* Info.plist */,
				5F2B003A2029B66C00046ABB /* NoteCell */,
			);
			path = iNotes;
			sourceTree = "<group>";
		};
		5F2B003A2029B66C00046ABB /* NoteCell */ = {
			isa = PBXGroup;
			children = (
				5F2B00362029B66400046ABB /* NoteTableViewCell.swift */,
				5F2B00372029B66400046ABB /* NoteTableViewCell.xib */,
			);
			path = NoteCell;
			sourceTree = "<group>";
		};
/* End PBXGroup section */

/* Begin PBXNativeTarget section */
		5F2B001E2029B2F400046ABB /* iNotes */ = {
			isa = PBXNativeTarget;
			buildConfigurationList = 5F2B00312029B2F400046ABB /* Build configuration list for PBXNativeTarget "iNotes" */;
			buildPhases = (
				5F2B001B2029B2F400046ABB /* Sources */,
				5F2B001C2029B2F400046ABB /* Frameworks */,
				5F2B001D2029B2F400046ABB /* Resources */,
			);
			buildRules = (
			);
			dependencies = (
			);
			name = iNotes;
			productName = iNotes;
			productReference = 5F2B001F2029B2F400046ABB /* iNotes.app */;
			productType = "com.apple.product-type.application";
		};
/* End PBXNativeTarget section */

/* Begin PBXProject section */
		5F2B00172029B2F400046ABB /* Project object */ = {
			isa = PBXProject;
			attributes = {
				LastSwiftUpdateCheck = 0920;
				LastUpgradeCheck = 0920;
				ORGANIZATIONNAME = "Ahmed Ramy";
				TargetAttributes = {
					5F2B001E2029B2F400046ABB = {
						CreatedOnToolsVersion = 9.2;
						ProvisioningStyle = Automatic;
					};
				};
			};
			buildConfigurationList = 5F2B001A2029B2F400046ABB /* Build configuration list for PBXProject "iNotes" */;
			compatibilityVersion = "Xcode 8.0";
			developmentRegion = en;
			hasScannedForEncodings = 0;
			knownRegions = (
				en,
				Base,
			);
			mainGroup = 5F2B00162029B2F300046ABB;
			productRefGroup = 5F2B00202029B2F400046ABB /* Products */;
			projectDirPath = "";
			projectRoot = "";
			targets = (
				5F2B001E2029B2F400046ABB /* iNotes */,
			);
		};
/* End PBXProject section */

/* Begin PBXResourcesBuildPhase section */
		5F2B001D2029B2F400046ABB /* Resources */ = {
			isa = PBXResourcesBuildPhase;
			buildActionMask = 2147483647;
			files = (
				5F2B002D2029B2F400046ABB /* LaunchScreen.storyboard in Resources */,
				5F2B002A2029B2F400046ABB /* Assets.xcassets in Resources */,
				5F2B00282029B2F400046ABB /* Main.storyboard in Resources */,
				5F2B00392029B66400046ABB /* NoteTableViewCell.xib in Resources */,
			);
			runOnlyForDeploymentPostprocessing = 0;
		};
/* End PBXResourcesBuildPhase section */

/* Begin PBXSourcesBuildPhase section */
		5F2B001B2029B2F400046ABB /* Sources */ = {
			isa = PBXSourcesBuildPhase;
			buildActionMask = 2147483647;
			files = (
				5F2B00232029B2F400046ABB /* AppDelegate.swift in Sources */,
				5F2B003C2029C93A00046ABB /* AddNewNoteViewController.swift in Sources */,
				5F2B00352029B3D700046ABB /* NotesTableViewController.swift in Sources */,
				5F2B00382029B66400046ABB /* NoteTableViewCell.swift in Sources */,
			);
			runOnlyForDeploymentPostprocessing = 0;
		};
/* End PBXSourcesBuildPhase section */

/* Begin PBXVariantGroup section */
		5F2B00262029B2F400046ABB /* Main.storyboard */ = {
			isa = PBXVariantGroup;
			children = (
				5F2B00272029B2F400046ABB /* Base */,
			);
			name = Main.storyboard;
			sourceTree = "<group>";
		};
		5F2B002B2029B2F400046ABB /* LaunchScreen.storyboard */ = {
			isa = PBXVariantGroup;
			children = (
				5F2B002C2029B2F400046ABB /* Base */,
			);
			name = LaunchScreen.storyboard;
			sourceTree = "<group>";
		};
/* End PBXVariantGroup section */

/* Begin XCBuildConfiguration section */
		5F2B002F2029B2F400046ABB /* Debug */ = {
			isa = XCBuildConfiguration;
			buildSettings = {
				ALWAYS_SEARCH_USER_PATHS = NO;
				CLANG_ANALYZER_NONNULL = YES;
				CLANG_ANALYZER_NUMBER_OBJECT_CONVERSION = YES_AGGRESSIVE;
				CLANG_CXX_LANGUAGE_STANDARD = "gnu++14";
				CLANG_CXX_LIBRARY = "libc++";
				CLANG_ENABLE_MODULES = YES;
				CLANG_ENABLE_OBJC_ARC = YES;
				CLANG_WARN_BLOCK_CAPTURE_AUTORELEASING = YES;
				CLANG_WARN_BOOL_CONVERSION = YES;
				CLANG_WARN_COMMA = YES;
				CLANG_WARN_CONSTANT_CONVERSION = YES;
				CLANG_WARN_DIRECT_OBJC_ISA_USAGE = YES_ERROR;
				CLANG_WARN_DOCUMENTATION_COMMENTS = YES;
				CLANG_WARN_EMPTY_BODY = YES;
				CLANG_WARN_ENUM_CONVERSION = YES;
				CLANG_WARN_INFINITE_RECURSION = YES;
				CLANG_WARN_INT_CONVERSION = YES;
				CLANG_WARN_NON_LITERAL_NULL_CONVERSION = YES;
				CLANG_WARN_OBJC_LITERAL_CONVERSION = YES;
				CLANG_WARN_OBJC_ROOT_CLASS = YES_ERROR;
				CLANG_WARN_RANGE_LOOP_ANALYSIS = YES;
				CLANG_WARN_STRICT_PROTOTYPES = YES;
				CLANG_WARN_SUSPICIOUS_MOVE = YES;
				CLANG_WARN_UNGUARDED_AVAILABILITY = YES_AGGRESSIVE;
				CLANG_WARN_UNREACHABLE_CODE = YES;
				CLANG_WARN__DUPLICATE_METHOD_MATCH = YES;
				CODE_SIGN_IDENTITY = "iPhone Developer";
				COPY_PHASE_STRIP = NO;
				DEBUG_INFORMATION_FORMAT = dwarf;
				ENABLE_STRICT_OBJC_MSGSEND = YES;
				ENABLE_TESTABILITY = YES;
				GCC_C_LANGUAGE_STANDARD = gnu11;
				GCC_DYNAMIC_NO_PIC = NO;
				GCC_NO_COMMON_BLOCKS = YES;
				GCC_OPTIMIZATION_LEVEL = 0;
				GCC_PREPROCESSOR_DEFINITIONS = (
					"DEBUG=1",
					"$(inherited)",
				);
				GCC_WARN_64_TO_32_BIT_CONVERSION = YES;
				GCC_WARN_ABOUT_RETURN_TYPE = YES_ERROR;
				GCC_WARN_UNDECLARED_SELECTOR = YES;
				GCC_WARN_UNINITIALIZED_AUTOS = YES_AGGRESSIVE;
				GCC_WARN_UNUSED_FUNCTION = YES;
				GCC_WARN_UNUSED_VARIABLE = YES;
				IPHONEOS_DEPLOYMENT_TARGET = 11.2;
				MTL_ENABLE_DEBUG_INFO = YES;
				ONLY_ACTIVE_ARCH = YES;
				SDKROOT = iphoneos;
				SWIFT_ACTIVE_COMPILATION_CONDITIONS = DEBUG;
				SWIFT_OPTIMIZATION_LEVEL = "-Onone";
			};
			name = Debug;
		};
		5F2B00302029B2F400046ABB /* Release */ = {
			isa = XCBuildConfiguration;
			buildSettings = {
				ALWAYS_SEARCH_USER_PATHS = NO;
				CLANG_ANALYZER_NONNULL = YES;
				CLANG_ANALYZER_NUMBER_OBJECT_CONVERSION = YES_AGGRESSIVE;
				CLANG_CXX_LANGUAGE_STANDARD = "gnu++14";
				CLANG_CXX_LIBRARY = "libc++";
				CLANG_ENABLE_MODULES = YES;
				CLANG_ENABLE_OBJC_ARC = YES;
				CLANG_WARN_BLOCK_CAPTURE_AUTORELEASING = YES;
				CLANG_WARN_BOOL_CONVERSION = YES;
				CLANG_WARN_COMMA = YES;
				CLANG_WARN_CONSTANT_CONVERSION = YES;
				CLANG_WARN_DIRECT_OBJC_ISA_USAGE = YES_ERROR;
				CLANG_WARN_DOCUMENTATION_COMMENTS = YES;
				CLANG_WARN_EMPTY_BODY = YES;
				CLANG_WARN_ENUM_CONVERSION = YES;
				CLANG_WARN_INFINITE_RECURSION = YES;
				CLANG_WARN_INT_CONVERSION = YES;
				CLANG_WARN_NON_LITERAL_NULL_CONVERSION = YES;
				CLANG_WARN_OBJC_LITERAL_CONVERSION = YES;
				CLANG_WARN_OBJC_ROOT_CLASS = YES_ERROR;
				CLANG_WARN_RANGE_LOOP_ANALYSIS = YES;
				CLANG_WARN_STRICT_PROTOTYPES = YES;
				CLANG_WARN_SUSPICIOUS_MOVE = YES;
				CLANG_WARN_UNGUARDED_AVAILABILITY = YES_AGGRESSIVE;
				CLANG_WARN_UNREACHABLE_CODE = YES;
				CLANG_WARN__DUPLICATE_METHOD_MATCH = YES;
				CODE_SIGN_IDENTITY = "iPhone Developer";
				COPY_PHASE_STRIP = NO;
				DEBUG_INFORMATION_FORMAT = "dwarf-with-dsym";
				ENABLE_NS_ASSERTIONS = NO;
				ENABLE_STRICT_OBJC_MSGSEND = YES;
				GCC_C_LANGUAGE_STANDARD = gnu11;
				GCC_NO_COMMON_BLOCKS = YES;
				GCC_WARN_64_TO_32_BIT_CONVERSION = YES;
				GCC_WARN_ABOUT_RETURN_TYPE = YES_ERROR;
				GCC_WARN_UNDECLARED_SELECTOR = YES;
				GCC_WARN_UNINITIALIZED_AUTOS = YES_AGGRESSIVE;
				GCC_WARN_UNUSED_FUNCTION = YES;
				GCC_WARN_UNUSED_VARIABLE = YES;
				IPHONEOS_DEPLOYMENT_TARGET = 11.2;
				MTL_ENABLE_DEBUG_INFO = NO;
				SDKROOT = iphoneos;
				SWIFT_OPTIMIZATION_LEVEL = "-Owholemodule";
				VALIDATE_PRODUCT = YES;
			};
			name = Release;
		};
		5F2B00322029B2F400046ABB /* Debug */ = {
			isa = XCBuildConfiguration;
			buildSettings = {
				ASSETCATALOG_COMPILER_APPICON_NAME = AppIcon;
				CODE_SIGN_STYLE = Automatic;
				DEVELOPMENT_TEAM = 969Y6REAB6;
				INFOPLIST_FILE = iNotes/Info.plist;
				LD_RUNPATH_SEARCH_PATHS = "$(inherited) @executable_path/Frameworks";
				PRODUCT_BUNDLE_IDENTIFIER = ShaDiLiX.iNotes;
				PRODUCT_NAME = "$(TARGET_NAME)";
				SWIFT_VERSION = 4.0;
				TARGETED_DEVICE_FAMILY = "1,2";
			};
			name = Debug;
		};
		5F2B00332029B2F400046ABB /* Release */ = {
			isa = XCBuildConfiguration;
			buildSettings = {
				ASSETCATALOG_COMPILER_APPICON_NAME = AppIcon;
				CODE_SIGN_STYLE = Automatic;
				DEVELOPMENT_TEAM = 969Y6REAB6;
				INFOPLIST_FILE = iNotes/Info.plist;
				LD_RUNPATH_SEARCH_PATHS = "$(inherited) @executable_path/Frameworks";
				PRODUCT_BUNDLE_IDENTIFIER = ShaDiLiX.iNotes;
				PRODUCT_NAME = "$(TARGET_NAME)";
				SWIFT_VERSION = 4.0;
				TARGETED_DEVICE_FAMILY = "1,2";
			};
			name = Release;
		};
/* End XCBuildConfiguration section */

/* Begin XCConfigurationList section */
		5F2B001A2029B2F400046ABB /* Build configuration list for PBXProject "iNotes" */ = {
			isa = XCConfigurationList;
			buildConfigurations = (
				5F2B002F2029B2F400046ABB /* Debug */,
				5F2B00302029B2F400046ABB /* Release */,
			);
			defaultConfigurationIsVisible = 0;
			defaultConfigurationName = Release;
		};
		5F2B00312029B2F400046ABB /* Build configuration list for PBXNativeTarget "iNotes" */ = {
			isa = XCConfigurationList;
			buildConfigurations = (
				5F2B00322029B2F400046ABB /* Debug */,
				5F2B00332029B2F400046ABB /* Release */,
			);
			defaultConfigurationIsVisible = 0;
			defaultConfigurationName = Release;
		};
/* End XCConfigurationList section */
	};
	rootObject = 5F2B00172029B2F400046ABB /* Project object */;
}
